Microsoft Visual Studio Solution File, Format Version 12.00
# Visual Studio Version 16
VisualStudioVersion = 16.0.31025.194
MinimumVisualStudioVersion = 10.0.40219.1
Project("{8BC9CEB8-8B4A-11D0-8D11-00A0C91BC942}") = "AudioPlayer_App", "AudioPlayer_App.vcxproj", "{AEAB0DDC-AAFA-FDD4-AA3C-072BE41BDA9E}"
EndProject
Project("{8BC9CEB8-8B4A-11D0-8D11-00A0C91BC942}") = "UnitTest1", "UnitTest1\UnitTest1.vcxproj", "{F3A183D4-6F81-428C-87D6-7D858FD115BB}"
EndProject
Global
	GlobalSection(SolutionConfigurationPlatforms) = preSolution
		Debug|x64 = Debug|x64
		Debug|x86 = Debug|x86
		Release|x64 = Release|x64
		Release|x86 = Release|x86
	EndGlobalSection
	GlobalSection(ProjectConfigurationPlatforms) = postSolution
		{AEAB0DDC-AAFA-FDD4-AA3C-072BE41BDA9E}.Debug|x64.ActiveCfg = Debug|x64
		{AEAB0DDC-AAFA-FDD4-AA3C-072BE41BDA9E}.Debug|x64.Build.0 = Debug|x64
		{AEAB0DDC-AAFA-FDD4-AA3C-072BE41BDA9E}.Debug|x86.ActiveCfg = Debug|x64
		{AEAB0DDC-AAFA-FDD4-AA3C-072BE41BDA9E}.Release|x64.ActiveCfg = Release|x64
		{AEAB0DDC-AAFA-FDD4-AA3C-072BE41BDA9E}.Release|x64.Build.0 = Release|x64
		{AEAB0DDC-AAFA-FDD4-AA3C-072BE41BDA9E}.Release|x86.ActiveCfg = Release|x64
		{F3A183D4-6F81-428C-87D6-7D858FD115BB}.Debug|x64.ActiveCfg = Debug|x64
		{F3A183D4-6F81-428C-87D6-7D858FD115BB}.Debug|x64.Build.0 = Debug|x64
		{F3A183D4-6F81-428C-87D6-7D858FD115BB}.Debug|x86.ActiveCfg = Debug|Win32
		{F3A183D4-6F81-428C-87D6-7D858FD115BB}.Debug|x86.Build.0 = Debug|Win32
		{F3A183D4-6F81-428C-87D6-7D858FD115BB}.Release|x64.ActiveCfg = Release|x64
		{F3A183D4-6F81-428C-87D6-7D858FD115BB}.Release|x64.Build.0 = Release|x64
		{F3A183D4-6F81-428C-87D6-7D858FD115BB}.Release|x86.ActiveCfg = Release|Win32
		{F3A183D4-6F81-428C-87D6-7D858FD115BB}.Release|x86.Build.0 = Release|Win32
	EndGlobalSection
	GlobalSection(SolutionProperties) = preSolution
		HideSolutionNode = FALSE
	EndGlobalSection
	GlobalSection(ExtensibilityGlobals) = postSolution
		SolutionGuid = {01B3501D-5160-46A8-BB21-6482CE4CE49C}
	EndGlobalSection
EndGlobal
